
Microsoft Visual Studio Solution File, Format Version 12.00
# Visual Studio Version 17
VisualStudioVersion = 17.14.36518.9
MinimumVisualStudioVersion = 10.0.40219.1
Project("{FAE04EC0-301F-11D3-BF4B-00C04F79EFBC}") = "PDFDownload", "PDFDownload\PDFDownload.csproj", "{DEA56F75-2E29-BAA5-24CC-1E6CFC36DA3D}"
EndProject
Project("{FAE04EC0-301F-11D3-BF4B-00C04F79EFBC}") = "PDFDownloadTest", "PDFDownloadTest\PDFDownloadTest.csproj", "{93FDB429-86C1-4996-8291-01978C34F212}"
EndProject
Global
	GlobalSection(SolutionConfigurationPlatforms) = preSolution
		Debug|Any CPU = Debug|Any CPU
		Release|Any CPU = Release|Any CPU
	EndGlobalSection
	GlobalSection(ProjectConfigurationPlatforms) = postSolution
		{DEA56F75-2E29-BAA5-24CC-1E6CFC36DA3D}.Debug|Any CPU.ActiveCfg = Debug|Any CPU
		{DEA56F75-2E29-BAA5-24CC-1E6CFC36DA3D}.Debug|Any CPU.Build.0 = Debug|Any CPU
		{DEA56F75-2E29-BAA5-24CC-1E6CFC36DA3D}.Release|Any CPU.ActiveCfg = Release|Any CPU
		{DEA56F75-2E29-BAA5-24CC-1E6CFC36DA3D}.Release|Any CPU.Build.0 = Release|Any CPU
		{93FDB429-86C1-4996-8291-01978C34F212}.Debug|Any CPU.ActiveCfg = Debug|Any CPU
		{93FDB429-86C1-4996-8291-01978C34F212}.Debug|Any CPU.Build.0 = Debug|Any CPU
		{93FDB429-86C1-4996-8291-01978C34F212}.Release|Any CPU.ActiveCfg = Release|Any CPU
		{93FDB429-86C1-4996-8291-01978C34F212}.Release|Any CPU.Build.0 = Release|Any CPU
	EndGlobalSection
	GlobalSection(SolutionProperties) = preSolution
		HideSolutionNode = FALSE
	EndGlobalSection
	GlobalSection(ExtensibilityGlobals) = postSolution
		SolutionGuid = {2569113D-F702-4DC8-BE29-1380CFBA5D9B}
	EndGlobalSection
EndGlobal
